
Microsoft Visual Studio Solution File, Format Version 12.00
# Visual Studio 15
VisualStudioVersion = 15.0.28307.1259
MinimumVisualStudioVersion = 10.0.40219.1
Project("{FAE04EC0-301F-11D3-BF4B-00C04F79EFBC}") = "GitDemo.UI.MVC", "GitDemo.UI.MVC\GitDemo.UI.MVC.csproj", "{5645C4F6-8A46-472D-B89D-63694908FB22}"
EndProject
Global
	GlobalSection(SolutionConfigurationPlatforms) = preSolution
		Debug|Any CPU = Debug|Any CPU
		Release|Any CPU = Release|Any CPU
	EndGlobalSection
	GlobalSection(ProjectConfigurationPlatforms) = postSolution
		{5645C4F6-8A46-472D-B89D-63694908FB22}.Debug|Any CPU.ActiveCfg = Debug|Any CPU
		{5645C4F6-8A46-472D-B89D-63694908FB22}.Debug|Any CPU.Build.0 = Debug|Any CPU
		{5645C4F6-8A46-472D-B89D-63694908FB22}.Release|Any CPU.ActiveCfg = Release|Any CPU
		{5645C4F6-8A46-472D-B89D-63694908FB22}.Release|Any CPU.Build.0 = Release|Any CPU
	EndGlobalSection
	GlobalSection(SolutionProperties) = preSolution
		HideSolutionNode = FALSE
	EndGlobalSection
	GlobalSection(ExtensibilityGlobals) = postSolution
		SolutionGuid = {4A643523-0A37-45EE-B4C1-791DAFFE6C01}
	EndGlobalSection
EndGlobal
